
Microsoft Visual Studio Solution File, Format Version 12.00
# Visual Studio Version 17
VisualStudioVersion = 17.11.35312.102
MinimumVisualStudioVersion = 10.0.40219.1
Project("{FAE04EC0-301F-11D3-BF4B-00C04F79EFBC}") = "ProjetoClinica", "ProjetoClinica\ProjetoClinica.csproj", "{527B2A6B-BBC9-4436-B7C1-05FC68632E32}"
EndProject
Global
	GlobalSection(SolutionConfigurationPlatforms) = preSolution
		Debug|Any CPU = Debug|Any CPU
		Release|Any CPU = Release|Any CPU
	EndGlobalSection
	GlobalSection(ProjectConfigurationPlatforms) = postSolution
		{527B2A6B-BBC9-4436-B7C1-05FC68632E32}.Debug|Any CPU.ActiveCfg = Debug|Any CPU
		{527B2A6B-BBC9-4436-B7C1-05FC68632E32}.Debug|Any CPU.Build.0 = Debug|Any CPU
		{527B2A6B-BBC9-4436-B7C1-05FC68632E32}.Release|Any CPU.ActiveCfg = Release|Any CPU
		{527B2A6B-BBC9-4436-B7C1-05FC68632E32}.Release|Any CPU.Build.0 = Release|Any CPU
	EndGlobalSection
	GlobalSection(SolutionProperties) = preSolution
		HideSolutionNode = FALSE
	EndGlobalSection
	GlobalSection(ExtensibilityGlobals) = postSolution
		SolutionGuid = {5AEDA92B-92E2-452A-8DCE-CA4590FB2D23}
	EndGlobalSection
EndGlobal
